
Microsoft Visual Studio Solution File, Format Version 12.00
# Visual Studio Version 16
VisualStudioVersion = 16.0.32228.343
MinimumVisualStudioVersion = 10.0.40219.1
Project("{FAE04EC0-301F-11D3-BF4B-00C04F79EFBC}") = "xqmachine", "xqmachine\xqmachine.csproj", "{31BD2CDF-F548-44FE-9BA0-5A546B3F7C1D}"
EndProject
Global
	GlobalSection(SolutionConfigurationPlatforms) = preSolution
		Debug|Any CPU = Debug|Any CPU
		Release|Any CPU = Release|Any CPU
	EndGlobalSection
	GlobalSection(ProjectConfigurationPlatforms) = postSolution
		{31BD2CDF-F548-44FE-9BA0-5A546B3F7C1D}.Debug|Any CPU.ActiveCfg = Debug|Any CPU
		{31BD2CDF-F548-44FE-9BA0-5A546B3F7C1D}.Debug|Any CPU.Build.0 = Debug|Any CPU
		{31BD2CDF-F548-44FE-9BA0-5A546B3F7C1D}.Release|Any CPU.ActiveCfg = Release|Any CPU
		{31BD2CDF-F548-44FE-9BA0-5A546B3F7C1D}.Release|Any CPU.Build.0 = Release|Any CPU
	EndGlobalSection
	GlobalSection(SolutionProperties) = preSolution
		HideSolutionNode = FALSE
	EndGlobalSection
	GlobalSection(ExtensibilityGlobals) = postSolution
		SolutionGuid = {41C2A925-41B0-429E-A9E7-9C1B44CEBECF}
	EndGlobalSection
EndGlobal
